// !$*UTF8*$!
{
	archiveVersion = 1;
	classes = {
	};
	objectVersion = 56;
	objects = {

/* Begin PBXBuildFile section */
		0B103BA92D3A54FE0000604D /* TitanUp-Icon.ico in Resources */ = {isa = PBXBuildFile; fileRef = 0B103BA82D3A54FE0000604D /* TitanUp-Icon.ico */; };
		0B1C5FDF2CEDDB13007DAB5F /* MockData.swift in Sources */ = {isa = PBXBuildFile; fileRef = 0B1C5FDE2CEDDB13007DAB5F /* MockData.swift */; };
		0B1C5FE12CEE0B7D007DAB5F /* PoseNetDetectionViewModel.swift in Sources */ = {isa = PBXBuildFile; fileRef = 0B1C5FE02CEE0B7D007DAB5F /* PoseNetDetectionViewModel.swift */; };
		0B3D6CE92C6A246C00F52EA9 /* QuickPoseCamera in Frameworks */ = {isa = PBXBuildFile; productRef = 0B3D6CE82C6A246C00F52EA9 /* QuickPoseCamera */; };
		0B3D6CEB2C6A246C00F52EA9 /* QuickPoseCore in Frameworks */ = {isa = PBXBuildFile; productRef = 0B3D6CEA2C6A246C00F52EA9 /* QuickPoseCore */; };
		0B3D6CED2C6A246C00F52EA9 /* QuickPoseMP in Frameworks */ = {isa = PBXBuildFile; productRef = 0B3D6CEC2C6A246C00F52EA9 /* QuickPoseMP */; };
		0B3D6CEF2C6A246C00F52EA9 /* QuickPoseSwiftUI in Frameworks */ = {isa = PBXBuildFile; productRef = 0B3D6CEE2C6A246C00F52EA9 /* QuickPoseSwiftUI */; };
		0B6F28592CE5F5260012F4E6 /* Widgets.swift in Sources */ = {isa = PBXBuildFile; fileRef = 0B6F28582CE5F5260012F4E6 /* Widgets.swift */; };
		0B6F285B2CE60C180012F4E6 /* RegisterView.swift in Sources */ = {isa = PBXBuildFile; fileRef = 0B6F285A2CE60C180012F4E6 /* RegisterView.swift */; };
		0B90BA5E2C747C050032674C /* IMG_4149.mov in Resources */ = {isa = PBXBuildFile; fileRef = 0B90BA5D2C747C050032674C /* IMG_4149.mov */; };
		0B94F63D2CEB8B8A004DCBCE /* FirebaseDatabase in Frameworks */ = {isa = PBXBuildFile; productRef = 0B94F63C2CEB8B8A004DCBCE /* FirebaseDatabase */; };
		0B94F63F2CEB8BBF004DCBCE /* FirebaseStorage in Frameworks */ = {isa = PBXBuildFile; productRef = 0B94F63E2CEB8BBF004DCBCE /* FirebaseStorage */; };
		0B94F6412CEB8BBF004DCBCE /* FirebaseStorageCombine-Community in Frameworks */ = {isa = PBXBuildFile; productRef = 0B94F6402CEB8BBF004DCBCE /* FirebaseStorageCombine-Community */; };
		0B94F6432CEB9021004DCBCE /* GoogleService-Info.plist in Resources */ = {isa = PBXBuildFile; fileRef = 0B94F6422CEB9021004DCBCE /* GoogleService-Info.plist */; };
		0BB8BFE32CEB7FD30094CCB9 /* FirebaseAuth in Frameworks */ = {isa = PBXBuildFile; productRef = 0BB8BFE22CEB7FD30094CCB9 /* FirebaseAuth */; };
		0BB8BFE52CEB7FD30094CCB9 /* FirebaseCore in Frameworks */ = {isa = PBXBuildFile; productRef = 0BB8BFE42CEB7FD30094CCB9 /* FirebaseCore */; };
		0BB8BFE72CEB7FD30094CCB9 /* FirebaseFirestore in Frameworks */ = {isa = PBXBuildFile; productRef = 0BB8BFE62CEB7FD30094CCB9 /* FirebaseFirestore */; };
		0BB8BFE92CEB85510094CCB9 /* ContentViewModel.swift in Sources */ = {isa = PBXBuildFile; fileRef = 0BB8BFE82CEB85510094CCB9 /* ContentViewModel.swift */; };
		0BC859C52D58E4ED000F11D0 /* medalPlaceholder.png in Resources */ = {isa = PBXBuildFile; fileRef = 0BC859C42D58E4ED000F11D0 /* medalPlaceholder.png */; };
		0BCC9E292CDA653800AB7790 /* LoginView.swift in Sources */ = {isa = PBXBuildFile; fileRef = 0BCC9E282CDA653800AB7790 /* LoginView.swift */; };
		0BCC9E2B2CDA655100AB7790 /* StartView.swift in Sources */ = {isa = PBXBuildFile; fileRef = 0BCC9E2A2CDA655000AB7790 /* StartView.swift */; };
		0BCC9E2D2CDA656B00AB7790 /* HomeView.swift in Sources */ = {isa = PBXBuildFile; fileRef = 0BCC9E2C2CDA656B00AB7790 /* HomeView.swift */; };
		0BCC9E2F2CDA657F00AB7790 /* ProfileView.swift in Sources */ = {isa = PBXBuildFile; fileRef = 0BCC9E2E2CDA657F00AB7790 /* ProfileView.swift */; };
		0BCC9E312CDA660F00AB7790 /* LoginViewModel.swift in Sources */ = {isa = PBXBuildFile; fileRef = 0BCC9E302CDA660F00AB7790 /* LoginViewModel.swift */; };
		0BCC9E332CDA662B00AB7790 /* StartViewModel.swift in Sources */ = {isa = PBXBuildFile; fileRef = 0BCC9E322CDA662B00AB7790 /* StartViewModel.swift */; };
		0BCC9E352CDA664800AB7790 /* HomeViewModel.swift in Sources */ = {isa = PBXBuildFile; fileRef = 0BCC9E342CDA664800AB7790 /* HomeViewModel.swift */; };
		0BCC9E372CDA665800AB7790 /* ProfileViewModel.swift in Sources */ = {isa = PBXBuildFile; fileRef = 0BCC9E362CDA665800AB7790 /* ProfileViewModel.swift */; };
		0BCC9E3A2CDA666F00AB7790 /* User.swift in Sources */ = {isa = PBXBuildFile; fileRef = 0BCC9E392CDA666F00AB7790 /* User.swift */; };
		0BCC9E3C2CDA669B00AB7790 /* DBLogic.swift in Sources */ = {isa = PBXBuildFile; fileRef = 0BCC9E3B2CDA669B00AB7790 /* DBLogic.swift */; };
		0BCC9E3E2CDA66D400AB7790 /* PushupSession.swift in Sources */ = {isa = PBXBuildFile; fileRef = 0BCC9E3D2CDA66D400AB7790 /* PushupSession.swift */; };
		0BCC9E402CDA67F200AB7790 /* omid-armin-Wo7OTDRS2Io-unsplash.jpg in Resources */ = {isa = PBXBuildFile; fileRef = 0BCC9E3F2CDA67F200AB7790 /* omid-armin-Wo7OTDRS2Io-unsplash.jpg */; };
		0BCC9E432CDA6D4600AB7790 /* Background.swift in Sources */ = {isa = PBXBuildFile; fileRef = 0BCC9E422CDA6D4600AB7790 /* Background.swift */; };
		0BDB72CC2C6A005D007B41EC /* TitanUpApp.swift in Sources */ = {isa = PBXBuildFile; fileRef = 0BDB72CB2C6A005D007B41EC /* TitanUpApp.swift */; };
		0BDB72CE2C6A005D007B41EC /* ContentView.swift in Sources */ = {isa = PBXBuildFile; fileRef = 0BDB72CD2C6A005D007B41EC /* ContentView.swift */; };
		0BDB72D02C6A005E007B41EC /* Assets.xcassets in Resources */ = {isa = PBXBuildFile; fileRef = 0BDB72CF2C6A005E007B41EC /* Assets.xcassets */; };
		0BDB72D32C6A005E007B41EC /* Preview Assets.xcassets in Resources */ = {isa = PBXBuildFile; fileRef = 0BDB72D22C6A005E007B41EC /* Preview Assets.xcassets */; };
		0BDB72DD2C6A005E007B41EC /* TitanUpTests.swift in Sources */ = {isa = PBXBuildFile; fileRef = 0BDB72DC2C6A005E007B41EC /* TitanUpTests.swift */; };
		0BDB72E72C6A005E007B41EC /* TitanUpUITests.swift in Sources */ = {isa = PBXBuildFile; fileRef = 0BDB72E62C6A005E007B41EC /* TitanUpUITests.swift */; };
		0BDB72E92C6A005E007B41EC /* TitanUpUITestsLaunchTests.swift in Sources */ = {isa = PBXBuildFile; fileRef = 0BDB72E82C6A005E007B41EC /* TitanUpUITestsLaunchTests.swift */; };
		0BE3E0602CECA9C40010CCEA /* RegisterViewModel.swift in Sources */ = {isa = PBXBuildFile; fileRef = 0BE3E05F2CECA9C40010CCEA /* RegisterViewModel.swift */; };
		0BE3E0622CECAC690010CCEA /* Extensions.swift in Sources */ = {isa = PBXBuildFile; fileRef = 0BE3E0612CECAC690010CCEA /* Extensions.swift */; };
		0BE3E0642CECF6FF0010CCEA /* viking.jpg in Resources */ = {isa = PBXBuildFile; fileRef = 0BE3E0632CECF6FF0010CCEA /* viking.jpg */; };
		0BED006C2CE6112800C12A34 /* FrontCameraView.swift in Sources */ = {isa = PBXBuildFile; fileRef = 0BED006B2CE6112800C12A34 /* FrontCameraView.swift */; };
		0BEF0EA72D2968B1002E6E4D /* FirestoreQueryTesting.swift in Sources */ = {isa = PBXBuildFile; fileRef = 0BEF0EA62D2968B0002E6E4D /* FirestoreQueryTesting.swift */; };
/* End PBXBuildFile section */

/* Begin PBXContainerItemProxy section */
		0BDB72D92C6A005E007B41EC /* PBXContainerItemProxy */ = {
			isa = PBXContainerItemProxy;
			containerPortal = 0BDB72C02C6A005D007B41EC /* Project object */;
			proxyType = 1;
			remoteGlobalIDString = 0BDB72C72C6A005D007B41EC;
			remoteInfo = TitanUp;
		};
		0BDB72E32C6A005E007B41EC /* PBXContainerItemProxy */ = {
			isa = PBXContainerItemProxy;
			containerPortal = 0BDB72C02C6A005D007B41EC /* Project object */;
			proxyType = 1;
			remoteGlobalIDString = 0BDB72C72C6A005D007B41EC;
			remoteInfo = TitanUp;
		};
/* End PBXContainerItemProxy section */

/* Begin PBXFileReference section */
		0B103BA82D3A54FE0000604D /* TitanUp-Icon.ico */ = {isa = PBXFileReference; lastKnownFileType = image.ico; path = "TitanUp-Icon.ico"; sourceTree = "<group>"; };
		0B1C5FDE2CEDDB13007DAB5F /* MockData.swift */ = {isa = PBXFileReference; lastKnownFileType = sourcecode.swift; path = MockData.swift; sourceTree = "<group>"; };
		0B1C5FE02CEE0B7D007DAB5F /* PoseNetDetectionViewModel.swift */ = {isa = PBXFileReference; lastKnownFileType = sourcecode.swift; path = PoseNetDetectionViewModel.swift; sourceTree = "<group>"; };
		0B6F28582CE5F5260012F4E6 /* Widgets.swift */ = {isa = PBXFileReference; lastKnownFileType = sourcecode.swift; path = Widgets.swift; sourceTree = "<group>"; };
		0B6F285A2CE60C180012F4E6 /* RegisterView.swift */ = {isa = PBXFileReference; lastKnownFileType = sourcecode.swift; path = RegisterView.swift; sourceTree = "<group>"; };
		0B90BA5D2C747C050032674C /* IMG_4149.mov */ = {isa = PBXFileReference; lastKnownFileType = video.quicktime; path = IMG_4149.mov; sourceTree = "<group>"; };
		0B94F6422CEB9021004DCBCE /* GoogleService-Info.plist */ = {isa = PBXFileReference; fileEncoding = 4; lastKnownFileType = text.plist.xml; path = "GoogleService-Info.plist"; sourceTree = "<group>"; };
		0BB8BFE82CEB85510094CCB9 /* ContentViewModel.swift */ = {isa = PBXFileReference; lastKnownFileType = sourcecode.swift; path = ContentViewModel.swift; sourceTree = "<group>"; };
		0BC859C42D58E4ED000F11D0 /* medalPlaceholder.png */ = {isa = PBXFileReference; lastKnownFileType = image.png; path = medalPlaceholder.png; sourceTree = "<group>"; };
		0BCC9E282CDA653800AB7790 /* LoginView.swift */ = {isa = PBXFileReference; lastKnownFileType = sourcecode.swift; path = LoginView.swift; sourceTree = "<group>"; };
		0BCC9E2A2CDA655000AB7790 /* StartView.swift */ = {isa = PBXFileReference; lastKnownFileType = sourcecode.swift; path = StartView.swift; sourceTree = "<group>"; };
		0BCC9E2C2CDA656B00AB7790 /* HomeView.swift */ = {isa = PBXFileReference; lastKnownFileType = sourcecode.swift; path = HomeView.swift; sourceTree = "<group>"; };
		0BCC9E2E2CDA657F00AB7790 /* ProfileView.swift */ = {isa = PBXFileReference; lastKnownFileType = sourcecode.swift; path = ProfileView.swift; sourceTree = "<group>"; };
		0BCC9E302CDA660F00AB7790 /* LoginViewModel.swift */ = {isa = PBXFileReference; lastKnownFileType = sourcecode.swift; path = LoginViewModel.swift; sourceTree = "<group>"; };
		0BCC9E322CDA662B00AB7790 /* StartViewModel.swift */ = {isa = PBXFileReference; lastKnownFileType = sourcecode.swift; path = StartViewModel.swift; sourceTree = "<group>"; };
		0BCC9E342CDA664800AB7790 /* HomeViewModel.swift */ = {isa = PBXFileReference; lastKnownFileType = sourcecode.swift; path = HomeViewModel.swift; sourceTree = "<group>"; };
		0BCC9E362CDA665800AB7790 /* ProfileViewModel.swift */ = {isa = PBXFileReference; lastKnownFileType = sourcecode.swift; path = ProfileViewModel.swift; sourceTree = "<group>"; };
		0BCC9E392CDA666F00AB7790 /* User.swift */ = {isa = PBXFileReference; lastKnownFileType = sourcecode.swift; path = User.swift; sourceTree = "<group>"; };
		0BCC9E3B2CDA669B00AB7790 /* DBLogic.swift */ = {isa = PBXFileReference; lastKnownFileType = sourcecode.swift; path = DBLogic.swift; sourceTree = "<group>"; };
		0BCC9E3D2CDA66D400AB7790 /* PushupSession.swift */ = {isa = PBXFileReference; lastKnownFileType = sourcecode.swift; path = PushupSession.swift; sourceTree = "<group>"; };
		0BCC9E3F2CDA67F200AB7790 /* omid-armin-Wo7OTDRS2Io-unsplash.jpg */ = {isa = PBXFileReference; lastKnownFileType = image.jpeg; path = "omid-armin-Wo7OTDRS2Io-unsplash.jpg"; sourceTree = "<group>"; };
		0BCC9E422CDA6D4600AB7790 /* Background.swift */ = {isa = PBXFileReference; lastKnownFileType = sourcecode.swift; path = Background.swift; sourceTree = "<group>"; };
		0BDB72C82C6A005D007B41EC /* TitanUp.app */ = {isa = PBXFileReference; explicitFileType = wrapper.application; includeInIndex = 0; path = TitanUp.app; sourceTree = BUILT_PRODUCTS_DIR; };
		0BDB72CB2C6A005D007B41EC /* TitanUpApp.swift */ = {isa = PBXFileReference; lastKnownFileType = sourcecode.swift; path = TitanUpApp.swift; sourceTree = "<group>"; };
		0BDB72CD2C6A005D007B41EC /* ContentView.swift */ = {isa = PBXFileReference; lastKnownFileType = sourcecode.swift; path = ContentView.swift; sourceTree = "<group>"; };
		0BDB72CF2C6A005E007B41EC /* Assets.xcassets */ = {isa = PBXFileReference; lastKnownFileType = folder.assetcatalog; path = Assets.xcassets; sourceTree = "<group>"; };
		0BDB72D22C6A005E007B41EC /* Preview Assets.xcassets */ = {isa = PBXFileReference; lastKnownFileType = folder.assetcatalog; path = "Preview Assets.xcassets"; sourceTree = "<group>"; };
		0BDB72D82C6A005E007B41EC /* TitanUpTests.xctest */ = {isa = PBXFileReference; explicitFileType = wrapper.cfbundle; includeInIndex = 0; path = TitanUpTests.xctest; sourceTree = BUILT_PRODUCTS_DIR; };
		0BDB72DC2C6A005E007B41EC /* TitanUpTests.swift */ = {isa = PBXFileReference; lastKnownFileType = sourcecode.swift; path = TitanUpTests.swift; sourceTree = "<group>"; };
		0BDB72E22C6A005E007B41EC /* TitanUpUITests.xctest */ = {isa = PBXFileReference; explicitFileType = wrapper.cfbundle; includeInIndex = 0; path = TitanUpUITests.xctest; sourceTree = BUILT_PRODUCTS_DIR; };
		0BDB72E62C6A005E007B41EC /* TitanUpUITests.swift */ = {isa = PBXFileReference; lastKnownFileType = sourcecode.swift; path = TitanUpUITests.swift; sourceTree = "<group>"; };
		0BDB72E82C6A005E007B41EC /* TitanUpUITestsLaunchTests.swift */ = {isa = PBXFileReference; lastKnownFileType = sourcecode.swift; path = TitanUpUITestsLaunchTests.swift; sourceTree = "<group>"; };
		0BE3E05F2CECA9C40010CCEA /* RegisterViewModel.swift */ = {isa = PBXFileReference; lastKnownFileType = sourcecode.swift; path = RegisterViewModel.swift; sourceTree = "<group>"; };
		0BE3E0612CECAC690010CCEA /* Extensions.swift */ = {isa = PBXFileReference; lastKnownFileType = sourcecode.swift; path = Extensions.swift; sourceTree = "<group>"; };
		0BE3E0632CECF6FF0010CCEA /* viking.jpg */ = {isa = PBXFileReference; lastKnownFileType = image.jpeg; path = viking.jpg; sourceTree = "<group>"; };
		0BED006B2CE6112800C12A34 /* FrontCameraView.swift */ = {isa = PBXFileReference; lastKnownFileType = sourcecode.swift; path = FrontCameraView.swift; sourceTree = "<group>"; };
		0BEF0EA62D2968B0002E6E4D /* FirestoreQueryTesting.swift */ = {isa = PBXFileReference; lastKnownFileType = sourcecode.swift; path = FirestoreQueryTesting.swift; sourceTree = "<group>"; };
/* End PBXFileReference section */

/* Begin PBXFrameworksBuildPhase section */
		0BDB72C52C6A005D007B41EC /* Frameworks */ = {
			isa = PBXFrameworksBuildPhase;
			buildActionMask = 2147483647;
			files = (
				0B3D6CEB2C6A246C00F52EA9 /* QuickPoseCore in Frameworks */,
				0BB8BFE32CEB7FD30094CCB9 /* FirebaseAuth in Frameworks */,
				0B94F6412CEB8BBF004DCBCE /* FirebaseStorageCombine-Community in Frameworks */,
				0B94F63F2CEB8BBF004DCBCE /* FirebaseStorage in Frameworks */,
				0B3D6CED2C6A246C00F52EA9 /* QuickPoseMP in Frameworks */,
				0B3D6CE92C6A246C00F52EA9 /* QuickPoseCamera in Frameworks */,
				0BB8BFE52CEB7FD30094CCB9 /* FirebaseCore in Frameworks */,
				0B3D6CEF2C6A246C00F52EA9 /* QuickPoseSwiftUI in Frameworks */,
				0B94F63D2CEB8B8A004DCBCE /* FirebaseDatabase in Frameworks */,
				0BB8BFE72CEB7FD30094CCB9 /* FirebaseFirestore in Frameworks */,
			);
			runOnlyForDeploymentPostprocessing = 0;
		};
		0BDB72D52C6A005E007B41EC /* Frameworks */ = {
			isa = PBXFrameworksBuildPhase;
			buildActionMask = 2147483647;
			files = (
			);
			runOnlyForDeploymentPostprocessing = 0;
		};
		0BDB72DF2C6A005E007B41EC /* Frameworks */ = {
			isa = PBXFrameworksBuildPhase;
			buildActionMask = 2147483647;
			files = (
			);
			runOnlyForDeploymentPostprocessing = 0;
		};
/* End PBXFrameworksBuildPhase section */

/* Begin PBXGroup section */
		0B90BA5C2C747BCB0032674C /* assets */ = {
			isa = PBXGroup;
			children = (
				0BE3E0632CECF6FF0010CCEA /* viking.jpg */,
				0BCC9E3F2CDA67F200AB7790 /* omid-armin-Wo7OTDRS2Io-unsplash.jpg */,
				0BDB72CF2C6A005E007B41EC /* Assets.xcassets */,
				0B90BA5D2C747C050032674C /* IMG_4149.mov */,
				0B103BA82D3A54FE0000604D /* TitanUp-Icon.ico */,
				0BC859C42D58E4ED000F11D0 /* medalPlaceholder.png */,
			);
			path = assets;
			sourceTree = "<group>";
		};
		0BCC9E252CDA64BF00AB7790 /* Model */ = {
			isa = PBXGroup;
			children = (
				0BCC9E392CDA666F00AB7790 /* User.swift */,
				0BCC9E3B2CDA669B00AB7790 /* DBLogic.swift */,
				0BCC9E3D2CDA66D400AB7790 /* PushupSession.swift */,
				0BE3E0612CECAC690010CCEA /* Extensions.swift */,
				0B1C5FDE2CEDDB13007DAB5F /* MockData.swift */,
			);
			path = Model;
			sourceTree = "<group>";
		};
		0BCC9E262CDA64CC00AB7790 /* ViewModel */ = {
			isa = PBXGroup;
			children = (
				0BCC9E302CDA660F00AB7790 /* LoginViewModel.swift */,
				0BCC9E322CDA662B00AB7790 /* StartViewModel.swift */,
				0BCC9E342CDA664800AB7790 /* HomeViewModel.swift */,
				0BCC9E362CDA665800AB7790 /* ProfileViewModel.swift */,
				0BB8BFE82CEB85510094CCB9 /* ContentViewModel.swift */,
				0BE3E05F2CECA9C40010CCEA /* RegisterViewModel.swift */,
				0B1C5FE02CEE0B7D007DAB5F /* PoseNetDetectionViewModel.swift */,
			);
			path = ViewModel;
			sourceTree = "<group>";
		};
		0BCC9E272CDA64D700AB7790 /* View */ = {
			isa = PBXGroup;
			children = (
				0BCC9E412CDA6CFE00AB7790 /* Widgets&Backgrounds */,
				0BCC9E282CDA653800AB7790 /* LoginView.swift */,
				0BCC9E2A2CDA655000AB7790 /* StartView.swift */,
				0BCC9E2C2CDA656B00AB7790 /* HomeView.swift */,
				0BCC9E2E2CDA657F00AB7790 /* ProfileView.swift */,
				0B6F285A2CE60C180012F4E6 /* RegisterView.swift */,
				0BED006B2CE6112800C12A34 /* FrontCameraView.swift */,
			);
			path = View;
			sourceTree = "<group>";
		};
		0BCC9E412CDA6CFE00AB7790 /* Widgets&Backgrounds */ = {
			isa = PBXGroup;
			children = (
				0BCC9E422CDA6D4600AB7790 /* Background.swift */,
				0B6F28582CE5F5260012F4E6 /* Widgets.swift */,
			);
			path = "Widgets&Backgrounds";
			sourceTree = "<group>";
		};
		0BDB72BF2C6A005D007B41EC = {
			isa = PBXGroup;
			children = (
				0BDB72CA2C6A005D007B41EC /* TitanUp */,
				0BDB72DB2C6A005E007B41EC /* TitanUpTests */,
				0BDB72E52C6A005E007B41EC /* TitanUpUITests */,
				0BDB72C92C6A005D007B41EC /* Products */,
			);
			sourceTree = "<group>";
		};
		0BDB72C92C6A005D007B41EC /* Products */ = {
			isa = PBXGroup;
			children = (
				0BDB72C82C6A005D007B41EC /* TitanUp.app */,
				0BDB72D82C6A005E007B41EC /* TitanUpTests.xctest */,
				0BDB72E22C6A005E007B41EC /* TitanUpUITests.xctest */,
			);
			name = Products;
			sourceTree = "<group>";
		};
		0BDB72CA2C6A005D007B41EC /* TitanUp */ = {
			isa = PBXGroup;
			children = (
				0B94F6422CEB9021004DCBCE /* GoogleService-Info.plist */,
				0BCC9E272CDA64D700AB7790 /* View */,
				0BCC9E262CDA64CC00AB7790 /* ViewModel */,
				0BCC9E252CDA64BF00AB7790 /* Model */,
				0B90BA5C2C747BCB0032674C /* assets */,
				0BDB72CB2C6A005D007B41EC /* TitanUpApp.swift */,
				0BDB72CD2C6A005D007B41EC /* ContentView.swift */,
				0BDB72D12C6A005E007B41EC /* Preview Content */,
				0BEF0EA62D2968B0002E6E4D /* FirestoreQueryTesting.swift */,
			);
			path = TitanUp;
			sourceTree = "<group>";
		};
		0BDB72D12C6A005E007B41EC /* Preview Content */ = {
			isa = PBXGroup;
			children = (
				0BDB72D22C6A005E007B41EC /* Preview Assets.xcassets */,
			);
			path = "Preview Content";
			sourceTree = "<group>";
		};
		0BDB72DB2C6A005E007B41EC /* TitanUpTests */ = {
			isa = PBXGroup;
			children = (
				0BDB72DC2C6A005E007B41EC /* TitanUpTests.swift */,
			);
			path = TitanUpTests;
			sourceTree = "<group>";
		};
		0BDB72E52C6A005E007B41EC /* TitanUpUITests */ = {
			isa = PBXGroup;
			children = (
				0BDB72E62C6A005E007B41EC /* TitanUpUITests.swift */,
				0BDB72E82C6A005E007B41EC /* TitanUpUITestsLaunchTests.swift */,
			);
			path = TitanUpUITests;
			sourceTree = "<group>";
		};
/* End PBXGroup section */

/* Begin PBXNativeTarget section */
		0BDB72C72C6A005D007B41EC /* TitanUp */ = {
			isa = PBXNativeTarget;
			buildConfigurationList = 0BDB72EC2C6A005E007B41EC /* Build configuration list for PBXNativeTarget "TitanUp" */;
			buildPhases = (
				0BDB72C42C6A005D007B41EC /* Sources */,
				0BDB72C52C6A005D007B41EC /* Frameworks */,
				0BDB72C62C6A005D007B41EC /* Resources */,
			);
			buildRules = (
			);
			dependencies = (
			);
			name = TitanUp;
			packageProductDependencies = (
				0B3D6CE82C6A246C00F52EA9 /* QuickPoseCamera */,
				0B3D6CEA2C6A246C00F52EA9 /* QuickPoseCore */,
				0B3D6CEC2C6A246C00F52EA9 /* QuickPoseMP */,
				0B3D6CEE2C6A246C00F52EA9 /* QuickPoseSwiftUI */,
				0BB8BFE22CEB7FD30094CCB9 /* FirebaseAuth */,
				0BB8BFE42CEB7FD30094CCB9 /* FirebaseCore */,
				0BB8BFE62CEB7FD30094CCB9 /* FirebaseFirestore */,
				0B94F63C2CEB8B8A004DCBCE /* FirebaseDatabase */,
				0B94F63E2CEB8BBF004DCBCE /* FirebaseStorage */,
				0B94F6402CEB8BBF004DCBCE /* FirebaseStorageCombine-Community */,
			);
			productName = TitanUp;
			productReference = 0BDB72C82C6A005D007B41EC /* TitanUp.app */;
			productType = "com.apple.product-type.application";
		};
		0BDB72D72C6A005E007B41EC /* TitanUpTests */ = {
			isa = PBXNativeTarget;
			buildConfigurationList = 0BDB72EF2C6A005E007B41EC /* Build configuration list for PBXNativeTarget "TitanUpTests" */;
			buildPhases = (
				0BDB72D42C6A005E007B41EC /* Sources */,
				0BDB72D52C6A005E007B41EC /* Frameworks */,
				0BDB72D62C6A005E007B41EC /* Resources */,
			);
			buildRules = (
			);
			dependencies = (
				0BDB72DA2C6A005E007B41EC /* PBXTargetDependency */,
			);
			name = TitanUpTests;
			productName = TitanUpTests;
			productReference = 0BDB72D82C6A005E007B41EC /* TitanUpTests.xctest */;
			productType = "com.apple.product-type.bundle.unit-test";
		};
		0BDB72E12C6A005E007B41EC /* TitanUpUITests */ = {
			isa = PBXNativeTarget;
			buildConfigurationList = 0BDB72F22C6A005E007B41EC /* Build configuration list for PBXNativeTarget "TitanUpUITests" */;
			buildPhases = (
				0BDB72DE2C6A005E007B41EC /* Sources */,
				0BDB72DF2C6A005E007B41EC /* Frameworks */,
				0BDB72E02C6A005E007B41EC /* Resources */,
			);
			buildRules = (
			);
			dependencies = (
				0BDB72E42C6A005E007B41EC /* PBXTargetDependency */,
			);
			name = TitanUpUITests;
			productName = TitanUpUITests;
			productReference = 0BDB72E22C6A005E007B41EC /* TitanUpUITests.xctest */;
			productType = "com.apple.product-type.bundle.ui-testing";
		};
/* End PBXNativeTarget section */

/* Begin PBXProject section */
		0BDB72C02C6A005D007B41EC /* Project object */ = {
			isa = PBXProject;
			attributes = {
				BuildIndependentTargetsInParallel = 1;
				LastSwiftUpdateCheck = 1540;
				LastUpgradeCheck = 1620;
				TargetAttributes = {
					0BDB72C72C6A005D007B41EC = {
						CreatedOnToolsVersion = 15.4;
					};
					0BDB72D72C6A005E007B41EC = {
						CreatedOnToolsVersion = 15.4;
						TestTargetID = 0BDB72C72C6A005D007B41EC;
					};
					0BDB72E12C6A005E007B41EC = {
						CreatedOnToolsVersion = 15.4;
						TestTargetID = 0BDB72C72C6A005D007B41EC;
					};
				};
			};
			buildConfigurationList = 0BDB72C32C6A005D007B41EC /* Build configuration list for PBXProject "TitanUp" */;
			compatibilityVersion = "Xcode 14.0";
			developmentRegion = en;
			hasScannedForEncodings = 0;
			knownRegions = (
				en,
				Base,
			);
			mainGroup = 0BDB72BF2C6A005D007B41EC;
			packageReferences = (
				0B3D6CE72C6A246C00F52EA9 /* XCRemoteSwiftPackageReference "quickpose-ios-sdk" */,
				0BB8BFE12CEB7FD30094CCB9 /* XCRemoteSwiftPackageReference "firebase-ios-sdk" */,
			);
			productRefGroup = 0BDB72C92C6A005D007B41EC /* Products */;
			projectDirPath = "";
			projectRoot = "";
			targets = (
				0BDB72C72C6A005D007B41EC /* TitanUp */,
				0BDB72D72C6A005E007B41EC /* TitanUpTests */,
				0BDB72E12C6A005E007B41EC /* TitanUpUITests */,
			);
		};
/* End PBXProject section */

/* Begin PBXResourcesBuildPhase section */
		0BDB72C62C6A005D007B41EC /* Resources */ = {
			isa = PBXResourcesBuildPhase;
			buildActionMask = 2147483647;
			files = (
				0BDB72D32C6A005E007B41EC /* Preview Assets.xcassets in Resources */,
				0BDB72D02C6A005E007B41EC /* Assets.xcassets in Resources */,
				0B103BA92D3A54FE0000604D /* TitanUp-Icon.ico in Resources */,
				0B94F6432CEB9021004DCBCE /* GoogleService-Info.plist in Resources */,
				0BCC9E402CDA67F200AB7790 /* omid-armin-Wo7OTDRS2Io-unsplash.jpg in Resources */,
				0BC859C52D58E4ED000F11D0 /* medalPlaceholder.png in Resources */,
				0B90BA5E2C747C050032674C /* IMG_4149.mov in Resources */,
				0BE3E0642CECF6FF0010CCEA /* viking.jpg in Resources */,
			);
			runOnlyForDeploymentPostprocessing = 0;
		};
		0BDB72D62C6A005E007B41EC /* Resources */ = {
			isa = PBXResourcesBuildPhase;
			buildActionMask = 2147483647;
			files = (
			);
			runOnlyForDeploymentPostprocessing = 0;
		};
		0BDB72E02C6A005E007B41EC /* Resources */ = {
			isa = PBXResourcesBuildPhase;
			buildActionMask = 2147483647;
			files = (
			);
			runOnlyForDeploymentPostprocessing = 0;
		};
/* End PBXResourcesBuildPhase section */

/* Begin PBXSourcesBuildPhase section */
		0BDB72C42C6A005D007B41EC /* Sources */ = {
			isa = PBXSourcesBuildPhase;
			buildActionMask = 2147483647;
			files = (
				0BDB72CE2C6A005D007B41EC /* ContentView.swift in Sources */,
				0BCC9E2B2CDA655100AB7790 /* StartView.swift in Sources */,
				0BDB72CC2C6A005D007B41EC /* TitanUpApp.swift in Sources */,
				0BCC9E3E2CDA66D400AB7790 /* PushupSession.swift in Sources */,
				0BCC9E352CDA664800AB7790 /* HomeViewModel.swift in Sources */,
				0BCC9E2D2CDA656B00AB7790 /* HomeView.swift in Sources */,
				0BCC9E332CDA662B00AB7790 /* StartViewModel.swift in Sources */,
				0BEF0EA72D2968B1002E6E4D /* FirestoreQueryTesting.swift in Sources */,
				0BCC9E312CDA660F00AB7790 /* LoginViewModel.swift in Sources */,
				0B1C5FDF2CEDDB13007DAB5F /* MockData.swift in Sources */,
				0B1C5FE12CEE0B7D007DAB5F /* PoseNetDetectionViewModel.swift in Sources */,
				0B6F285B2CE60C180012F4E6 /* RegisterView.swift in Sources */,
				0BCC9E372CDA665800AB7790 /* ProfileViewModel.swift in Sources */,
				0BE3E0602CECA9C40010CCEA /* RegisterViewModel.swift in Sources */,
				0BCC9E3C2CDA669B00AB7790 /* DBLogic.swift in Sources */,
				0BE3E0622CECAC690010CCEA /* Extensions.swift in Sources */,
				0BB8BFE92CEB85510094CCB9 /* ContentViewModel.swift in Sources */,
				0BCC9E3A2CDA666F00AB7790 /* User.swift in Sources */,
				0BED006C2CE6112800C12A34 /* FrontCameraView.swift in Sources */,
				0BCC9E292CDA653800AB7790 /* LoginView.swift in Sources */,
				0BCC9E2F2CDA657F00AB7790 /* ProfileView.swift in Sources */,
				0BCC9E432CDA6D4600AB7790 /* Background.swift in Sources */,
				0B6F28592CE5F5260012F4E6 /* Widgets.swift in Sources */,
			);
			runOnlyForDeploymentPostprocessing = 0;
		};
		0BDB72D42C6A005E007B41EC /* Sources */ = {
			isa = PBXSourcesBuildPhase;
			buildActionMask = 2147483647;
			files = (
				0BDB72DD2C6A005E007B41EC /* TitanUpTests.swift in Sources */,
			);
			runOnlyForDeploymentPostprocessing = 0;
		};
		0BDB72DE2C6A005E007B41EC /* Sources */ = {
			isa = PBXSourcesBuildPhase;
			buildActionMask = 2147483647;
			files = (
				0BDB72E92C6A005E007B41EC /* TitanUpUITestsLaunchTests.swift in Sources */,
				0BDB72E72C6A005E007B41EC /* TitanUpUITests.swift in Sources */,
			);
			runOnlyForDeploymentPostprocessing = 0;
		};
/* End PBXSourcesBuildPhase section */

/* Begin PBXTargetDependency section */
		0BDB72DA2C6A005E007B41EC /* PBXTargetDependency */ = {
			isa = PBXTargetDependency;
			target = 0BDB72C72C6A005D007B41EC /* TitanUp */;
			targetProxy = 0BDB72D92C6A005E007B41EC /* PBXContainerItemProxy */;
		};
		0BDB72E42C6A005E007B41EC /* PBXTargetDependency */ = {
			isa = PBXTargetDependency;
			target = 0BDB72C72C6A005D007B41EC /* TitanUp */;
			targetProxy = 0BDB72E32C6A005E007B41EC /* PBXContainerItemProxy */;
		};
/* End PBXTargetDependency section */

/* Begin XCBuildConfiguration section */
		0BDB72EA2C6A005E007B41EC /* Debug */ = {
			isa = XCBuildConfiguration;
			buildSettings = {
				ALWAYS_SEARCH_USER_PATHS = NO;
				ASSETCATALOG_COMPILER_GENERATE_SWIFT_ASSET_SYMBOL_EXTENSIONS = YES;
				CLANG_ANALYZER_NONNULL = YES;
				CLANG_ANALYZER_NUMBER_OBJECT_CONVERSION = YES_AGGRESSIVE;
				CLANG_CXX_LANGUAGE_STANDARD = "gnu++20";
				CLANG_ENABLE_MODULES = YES;
				CLANG_ENABLE_OBJC_ARC = YES;
				CLANG_ENABLE_OBJC_WEAK = YES;
				CLANG_WARN_BLOCK_CAPTURE_AUTORELEASING = YES;
				CLANG_WARN_BOOL_CONVERSION = YES;
				CLANG_WARN_COMMA = YES;
				CLANG_WARN_CONSTANT_CONVERSION = YES;
				CLANG_WARN_DEPRECATED_OBJC_IMPLEMENTATIONS = YES;
				CLANG_WARN_DIRECT_OBJC_ISA_USAGE = YES_ERROR;
				CLANG_WARN_DOCUMENTATION_COMMENTS = YES;
				CLANG_WARN_EMPTY_BODY = YES;
				CLANG_WARN_ENUM_CONVERSION = YES;
				CLANG_WARN_INFINITE_RECURSION = YES;
				CLANG_WARN_INT_CONVERSION = YES;
				CLANG_WARN_NON_LITERAL_NULL_CONVERSION = YES;
				CLANG_WARN_OBJC_IMPLICIT_RETAIN_SELF = YES;
				CLANG_WARN_OBJC_LITERAL_CONVERSION = YES;
				CLANG_WARN_OBJC_ROOT_CLASS = YES_ERROR;
				CLANG_WARN_QUOTED_INCLUDE_IN_FRAMEWORK_HEADER = YES;
				CLANG_WARN_RANGE_LOOP_ANALYSIS = YES;
				CLANG_WARN_STRICT_PROTOTYPES = YES;
				CLANG_WARN_SUSPICIOUS_MOVE = YES;
				CLANG_WARN_UNGUARDED_AVAILABILITY = YES_AGGRESSIVE;
				CLANG_WARN_UNREACHABLE_CODE = YES;
				CLANG_WARN__DUPLICATE_METHOD_MATCH = YES;
				COPY_PHASE_STRIP = NO;
				DEBUG_INFORMATION_FORMAT = dwarf;
				ENABLE_STRICT_OBJC_MSGSEND = YES;
				ENABLE_TESTABILITY = YES;
				ENABLE_USER_SCRIPT_SANDBOXING = YES;
				GCC_C_LANGUAGE_STANDARD = gnu17;
				GCC_DYNAMIC_NO_PIC = NO;
				GCC_NO_COMMON_BLOCKS = YES;
				GCC_OPTIMIZATION_LEVEL = 0;
				GCC_PREPROCESSOR_DEFINITIONS = (
					"DEBUG=1",
					"$(inherited)",
				);
				GCC_WARN_64_TO_32_BIT_CONVERSION = YES;
				GCC_WARN_ABOUT_RETURN_TYPE = YES_ERROR;
				GCC_WARN_UNDECLARED_SELECTOR = YES;
				GCC_WARN_UNINITIALIZED_AUTOS = YES_AGGRESSIVE;
				GCC_WARN_UNUSED_FUNCTION = YES;
				GCC_WARN_UNUSED_VARIABLE = YES;
				IPHONEOS_DEPLOYMENT_TARGET = 17.5;
				LOCALIZATION_PREFERS_STRING_CATALOGS = YES;
				MTL_ENABLE_DEBUG_INFO = INCLUDE_SOURCE;
				MTL_FAST_MATH = YES;
				ONLY_ACTIVE_ARCH = YES;
				SDKROOT = iphoneos;
				SWIFT_ACTIVE_COMPILATION_CONDITIONS = "DEBUG $(inherited)";
				SWIFT_OPTIMIZATION_LEVEL = "-Onone";
			};
			name = Debug;
		};
		0BDB72EB2C6A005E007B41EC /* Release */ = {
			isa = XCBuildConfiguration;
			buildSettings = {
				ALWAYS_SEARCH_USER_PATHS = NO;
				ASSETCATALOG_COMPILER_GENERATE_SWIFT_ASSET_SYMBOL_EXTENSIONS = YES;
				CLANG_ANALYZER_NONNULL = YES;
				CLANG_ANALYZER_NUMBER_OBJECT_CONVERSION = YES_AGGRESSIVE;
				CLANG_CXX_LANGUAGE_STANDARD = "gnu++20";
				CLANG_ENABLE_MODULES = YES;
				CLANG_ENABLE_OBJC_ARC = YES;
				CLANG_ENABLE_OBJC_WEAK = YES;
				CLANG_WARN_BLOCK_CAPTURE_AUTORELEASING = YES;
				CLANG_WARN_BOOL_CONVERSION = YES;
				CLANG_WARN_COMMA = YES;
				CLANG_WARN_CONSTANT_CONVERSION = YES;
				CLANG_WARN_DEPRECATED_OBJC_IMPLEMENTATIONS = YES;
				CLANG_WARN_DIRECT_OBJC_ISA_USAGE = YES_ERROR;
				CLANG_WARN_DOCUMENTATION_COMMENTS = YES;
				CLANG_WARN_EMPTY_BODY = YES;
				CLANG_WARN_ENUM_CONVERSION = YES;
				CLANG_WARN_INFINITE_RECURSION = YES;
				CLANG_WARN_INT_CONVERSION = YES;
				CLANG_WARN_NON_LITERAL_NULL_CONVERSION = YES;
				CLANG_WARN_OBJC_IMPLICIT_RETAIN_SELF = YES;
				CLANG_WARN_OBJC_LITERAL_CONVERSION = YES;
				CLANG_WARN_OBJC_ROOT_CLASS = YES_ERROR;
				CLANG_WARN_QUOTED_INCLUDE_IN_FRAMEWORK_HEADER = YES;
				CLANG_WARN_RANGE_LOOP_ANALYSIS = YES;
				CLANG_WARN_STRICT_PROTOTYPES = YES;
				CLANG_WARN_SUSPICIOUS_MOVE = YES;
				CLANG_WARN_UNGUARDED_AVAILABILITY = YES_AGGRESSIVE;
				CLANG_WARN_UNREACHABLE_CODE = YES;
				CLANG_WARN__DUPLICATE_METHOD_MATCH = YES;
				COPY_PHASE_STRIP = NO;
				DEBUG_INFORMATION_FORMAT = "dwarf-with-dsym";
				ENABLE_NS_ASSERTIONS = NO;
				ENABLE_STRICT_OBJC_MSGSEND = YES;
				ENABLE_USER_SCRIPT_SANDBOXING = YES;
				GCC_C_LANGUAGE_STANDARD = gnu17;
				GCC_NO_COMMON_BLOCKS = YES;
				GCC_WARN_64_TO_32_BIT_CONVERSION = YES;
				GCC_WARN_ABOUT_RETURN_TYPE = YES_ERROR;
				GCC_WARN_UNDECLARED_SELECTOR = YES;
				GCC_WARN_UNINITIALIZED_AUTOS = YES_AGGRESSIVE;
				GCC_WARN_UNUSED_FUNCTION = YES;
				GCC_WARN_UNUSED_VARIABLE = YES;
				IPHONEOS_DEPLOYMENT_TARGET = 17.5;
				LOCALIZATION_PREFERS_STRING_CATALOGS = YES;
				MTL_ENABLE_DEBUG_INFO = NO;
				MTL_FAST_MATH = YES;
				SDKROOT = iphoneos;
				SWIFT_COMPILATION_MODE = wholemodule;
				VALIDATE_PRODUCT = YES;
			};
			name = Release;
		};
		0BDB72ED2C6A005E007B41EC /* Debug */ = {
			isa = XCBuildConfiguration;
			buildSettings = {
				ASSETCATALOG_COMPILER_APPICON_NAME = AppIcon;
				ASSETCATALOG_COMPILER_GLOBAL_ACCENT_COLOR_NAME = AccentColor;
				ASSETCATALOG_COMPILER_INCLUDE_ALL_APPICON_ASSETS = NO;
				CODE_SIGN_STYLE = Automatic;
				CURRENT_PROJECT_VERSION = 1;
				DEVELOPMENT_ASSET_PATHS = "\"TitanUp/Preview Content\"";
				DEVELOPMENT_TEAM = 94WNU99F48;
				ENABLE_PREVIEWS = YES;
				GENERATE_INFOPLIST_FILE = YES;
				INFOPLIST_KEY_CFBundleDisplayName = "";
				INFOPLIST_KEY_LSApplicationCategoryType = "public.app-category.healthcare-fitness";
				INFOPLIST_KEY_NSCameraUsageDescription = "TitanUp Needs access to count your pushups";
				INFOPLIST_KEY_UIApplicationSceneManifest_Generation = YES;
				INFOPLIST_KEY_UIApplicationSupportsIndirectInputEvents = YES;
				INFOPLIST_KEY_UILaunchScreen_Generation = YES;
				INFOPLIST_KEY_UISupportedInterfaceOrientations_iPad = "UIInterfaceOrientationPortrait UIInterfaceOrientationPortraitUpsideDown UIInterfaceOrientationLandscapeLeft UIInterfaceOrientationLandscapeRight";
				INFOPLIST_KEY_UISupportedInterfaceOrientations_iPhone = "UIInterfaceOrientationPortrait UIInterfaceOrientationLandscapeLeft UIInterfaceOrientationLandscapeRight";
				LD_RUNPATH_SEARCH_PATHS = (
					"$(inherited)",
					"@executable_path/Frameworks",
				);
				MARKETING_VERSION = 1.0;
				PRODUCT_BUNDLE_IDENTIFIER = WillowSaysWhat.TitanUp;
				PRODUCT_NAME = "$(TARGET_NAME)";
				SWIFT_EMIT_LOC_STRINGS = YES;
				SWIFT_VERSION = 5.0;
				TARGETED_DEVICE_FAMILY = 1;
			};
			name = Debug;
		};
		0BDB72EE2C6A005E007B41EC /* Release */ = {
			isa = XCBuildConfiguration;
			buildSettings = {
				ASSETCATALOG_COMPILER_APPICON_NAME = AppIcon;
				ASSETCATALOG_COMPILER_GLOBAL_ACCENT_COLOR_NAME = AccentColor;
				ASSETCATALOG_COMPILER_INCLUDE_ALL_APPICON_ASSETS = NO;
				CODE_SIGN_STYLE = Automatic;
				CURRENT_PROJECT_VERSION = 1;
				DEVELOPMENT_ASSET_PATHS = "\"TitanUp/Preview Content\"";
				DEVELOPMENT_TEAM = 94WNU99F48;
				ENABLE_PREVIEWS = YES;
				GENERATE_INFOPLIST_FILE = YES;
				INFOPLIST_KEY_CFBundleDisplayName = "";
				INFOPLIST_KEY_LSApplicationCategoryType = "public.app-category.healthcare-fitness";
				INFOPLIST_KEY_NSCameraUsageDescription = "TitanUp Needs access to count your pushups";
				INFOPLIST_KEY_UIApplicationSceneManifest_Generation = YES;
				INFOPLIST_KEY_UIApplicationSupportsIndirectInputEvents = YES;
				INFOPLIST_KEY_UILaunchScreen_Generation = YES;
				INFOPLIST_KEY_UISupportedInterfaceOrientations_iPad = "UIInterfaceOrientationPortrait UIInterfaceOrientationPortraitUpsideDown UIInterfaceOrientationLandscapeLeft UIInterfaceOrientationLandscapeRight";
				INFOPLIST_KEY_UISupportedInterfaceOrientations_iPhone = "UIInterfaceOrientationPortrait UIInterfaceOrientationLandscapeLeft UIInterfaceOrientationLandscapeRight";
				LD_RUNPATH_SEARCH_PATHS = (
					"$(inherited)",
					"@executable_path/Frameworks",
				);
				MARKETING_VERSION = 1.0;
				PRODUCT_BUNDLE_IDENTIFIER = WillowSaysWhat.TitanUp;
				PRODUCT_NAME = "$(TARGET_NAME)";
				SWIFT_EMIT_LOC_STRINGS = YES;
				SWIFT_VERSION = 5.0;
				TARGETED_DEVICE_FAMILY = 1;
			};
			name = Release;
		};
		0BDB72F02C6A005E007B41EC /* Debug */ = {
			isa = XCBuildConfiguration;
			buildSettings = {
				BUNDLE_LOADER = "$(TEST_HOST)";
				CODE_SIGN_STYLE = Automatic;
				CURRENT_PROJECT_VERSION = 1;
				DEVELOPMENT_TEAM = 94WNU99F48;
				GENERATE_INFOPLIST_FILE = YES;
				IPHONEOS_DEPLOYMENT_TARGET = 17.5;
				MARKETING_VERSION = 1.0;
				PRODUCT_BUNDLE_IDENTIFIER = WillowSaysWhat.TitanUpTests;
				PRODUCT_NAME = "$(TARGET_NAME)";
				SWIFT_EMIT_LOC_STRINGS = NO;
				SWIFT_VERSION = 5.0;
				TARGETED_DEVICE_FAMILY = "1,2";
				TEST_HOST = "$(BUILT_PRODUCTS_DIR)/TitanUp.app/$(BUNDLE_EXECUTABLE_FOLDER_PATH)/TitanUp";
			};
			name = Debug;
		};
		0BDB72F12C6A005E007B41EC /* Release */ = {
			isa = XCBuildConfiguration;
			buildSettings = {
				BUNDLE_LOADER = "$(TEST_HOST)";
				CODE_SIGN_STYLE = Automatic;
				CURRENT_PROJECT_VERSION = 1;
				DEVELOPMENT_TEAM = 94WNU99F48;
				GENERATE_INFOPLIST_FILE = YES;
				IPHONEOS_DEPLOYMENT_TARGET = 17.5;
				MARKETING_VERSION = 1.0;
				PRODUCT_BUNDLE_IDENTIFIER = WillowSaysWhat.TitanUpTests;
				PRODUCT_NAME = "$(TARGET_NAME)";
				SWIFT_EMIT_LOC_STRINGS = NO;
				SWIFT_VERSION = 5.0;
				TARGETED_DEVICE_FAMILY = "1,2";
				TEST_HOST = "$(BUILT_PRODUCTS_DIR)/TitanUp.app/$(BUNDLE_EXECUTABLE_FOLDER_PATH)/TitanUp";
			};
			name = Release;
		};
		0BDB72F32C6A005E007B41EC /* Debug */ = {
			isa = XCBuildConfiguration;
			buildSettings = {
				CODE_SIGN_STYLE = Automatic;
				CURRENT_PROJECT_VERSION = 1;
				DEVELOPMENT_TEAM = 94WNU99F48;
				GENERATE_INFOPLIST_FILE = YES;
				MARKETING_VERSION = 1.0;
				PRODUCT_BUNDLE_IDENTIFIER = WillowSaysWhat.TitanUpUITests;
				PRODUCT_NAME = "$(TARGET_NAME)";
				SWIFT_EMIT_LOC_STRINGS = NO;
				SWIFT_VERSION = 5.0;
				TARGETED_DEVICE_FAMILY = "1,2";
				TEST_TARGET_NAME = TitanUp;
			};
			name = Debug;
		};
		0BDB72F42C6A005E007B41EC /* Release */ = {
			isa = XCBuildConfiguration;
			buildSettings = {
				CODE_SIGN_STYLE = Automatic;
				CURRENT_PROJECT_VERSION = 1;
				DEVELOPMENT_TEAM = 94WNU99F48;
				GENERATE_INFOPLIST_FILE = YES;
				MARKETING_VERSION = 1.0;
				PRODUCT_BUNDLE_IDENTIFIER = WillowSaysWhat.TitanUpUITests;
				PRODUCT_NAME = "$(TARGET_NAME)";
				SWIFT_EMIT_LOC_STRINGS = NO;
				SWIFT_VERSION = 5.0;
				TARGETED_DEVICE_FAMILY = "1,2";
				TEST_TARGET_NAME = TitanUp;
			};
			name = Release;
		};
/* End XCBuildConfiguration section */

/* Begin XCConfigurationList section */
		0BDB72C32C6A005D007B41EC /* Build configuration list for PBXProject "TitanUp" */ = {
			isa = XCConfigurationList;
			buildConfigurations = (
				0BDB72EA2C6A005E007B41EC /* Debug */,
				0BDB72EB2C6A005E007B41EC /* Release */,
			);
			defaultConfigurationIsVisible = 0;
			defaultConfigurationName = Release;
		};
		0BDB72EC2C6A005E007B41EC /* Build configuration list for PBXNativeTarget "TitanUp" */ = {
			isa = XCConfigurationList;
			buildConfigurations = (
				0BDB72ED2C6A005E007B41EC /* Debug */,
				0BDB72EE2C6A005E007B41EC /* Release */,
			);
			defaultConfigurationIsVisible = 0;
			defaultConfigurationName = Release;
		};
		0BDB72EF2C6A005E007B41EC /* Build configuration list for PBXNativeTarget "TitanUpTests" */ = {
			isa = XCConfigurationList;
			buildConfigurations = (
				0BDB72F02C6A005E007B41EC /* Debug */,
				0BDB72F12C6A005E007B41EC /* Release */,
			);
			defaultConfigurationIsVisible = 0;
			defaultConfigurationName = Release;
		};
		0BDB72F22C6A005E007B41EC /* Build configuration list for PBXNativeTarget "TitanUpUITests" */ = {
			isa = XCConfigurationList;
			buildConfigurations = (
				0BDB72F32C6A005E007B41EC /* Debug */,
				0BDB72F42C6A005E007B41EC /* Release */,
			);
			defaultConfigurationIsVisible = 0;
			defaultConfigurationName = Release;
		};
/* End XCConfigurationList section */

/* Begin XCRemoteSwiftPackageReference section */
		0B3D6CE72C6A246C00F52EA9 /* XCRemoteSwiftPackageReference "quickpose-ios-sdk" */ = {
			isa = XCRemoteSwiftPackageReference;
			repositoryURL = "https://github.com/quickpose/quickpose-ios-sdk.git";
			requirement = {
				branch = main;
				kind = branch;
			};
		};
		0BB8BFE12CEB7FD30094CCB9 /* XCRemoteSwiftPackageReference "firebase-ios-sdk" */ = {
			isa = XCRemoteSwiftPackageReference;
			repositoryURL = "https://github.com/firebase/firebase-ios-sdk";
			requirement = {
				kind = upToNextMajorVersion;
				minimumVersion = 11.5.0;
			};
		};
/* End XCRemoteSwiftPackageReference section */

/* Begin XCSwiftPackageProductDependency section */
		0B3D6CE82C6A246C00F52EA9 /* QuickPoseCamera */ = {
			isa = XCSwiftPackageProductDependency;
			package = 0B3D6CE72C6A246C00F52EA9 /* XCRemoteSwiftPackageReference "quickpose-ios-sdk" */;
			productName = QuickPoseCamera;
		};
		0B3D6CEA2C6A246C00F52EA9 /* QuickPoseCore */ = {
			isa = XCSwiftPackageProductDependency;
			package = 0B3D6CE72C6A246C00F52EA9 /* XCRemoteSwiftPackageReference "quickpose-ios-sdk" */;
			productName = QuickPoseCore;
		};
		0B3D6CEC2C6A246C00F52EA9 /* QuickPoseMP */ = {
			isa = XCSwiftPackageProductDependency;
			package = 0B3D6CE72C6A246C00F52EA9 /* XCRemoteSwiftPackageReference "quickpose-ios-sdk" */;
			productName = QuickPoseMP;
		};
		0B3D6CEE2C6A246C00F52EA9 /* QuickPoseSwiftUI */ = {
			isa = XCSwiftPackageProductDependency;
			package = 0B3D6CE72C6A246C00F52EA9 /* XCRemoteSwiftPackageReference "quickpose-ios-sdk" */;
			productName = QuickPoseSwiftUI;
		};
		0B94F63C2CEB8B8A004DCBCE /* FirebaseDatabase */ = {
			isa = XCSwiftPackageProductDependency;
			package = 0BB8BFE12CEB7FD30094CCB9 /* XCRemoteSwiftPackageReference "firebase-ios-sdk" */;
			productName = FirebaseDatabase;
		};
		0B94F63E2CEB8BBF004DCBCE /* FirebaseStorage */ = {
			isa = XCSwiftPackageProductDependency;
			package = 0BB8BFE12CEB7FD30094CCB9 /* XCRemoteSwiftPackageReference "firebase-ios-sdk" */;
			productName = FirebaseStorage;
		};
		0B94F6402CEB8BBF004DCBCE /* FirebaseStorageCombine-Community */ = {
			isa = XCSwiftPackageProductDependency;
			package = 0BB8BFE12CEB7FD30094CCB9 /* XCRemoteSwiftPackageReference "firebase-ios-sdk" */;
			productName = "FirebaseStorageCombine-Community";
		};
		0BB8BFE22CEB7FD30094CCB9 /* FirebaseAuth */ = {
			isa = XCSwiftPackageProductDependency;
			package = 0BB8BFE12CEB7FD30094CCB9 /* XCRemoteSwiftPackageReference "firebase-ios-sdk" */;
			productName = FirebaseAuth;
		};
		0BB8BFE42CEB7FD30094CCB9 /* FirebaseCore */ = {
			isa = XCSwiftPackageProductDependency;
			package = 0BB8BFE12CEB7FD30094CCB9 /* XCRemoteSwiftPackageReference "firebase-ios-sdk" */;
			productName = FirebaseCore;
		};
		0BB8BFE62CEB7FD30094CCB9 /* FirebaseFirestore */ = {
			isa = XCSwiftPackageProductDependency;
			package = 0BB8BFE12CEB7FD30094CCB9 /* XCRemoteSwiftPackageReference "firebase-ios-sdk" */;
			productName = FirebaseFirestore;
		};
/* End XCSwiftPackageProductDependency section */
	};
	rootObject = 0BDB72C02C6A005D007B41EC /* Project object */;
}
